// !$*UTF8*$!
{
	archiveVersion = 1;
	classes = {
	};
	objectVersion = 50;
	objects = {

/* Begin PBXBuildFile section */
		77D44D5523CAD81A003CDF1E /* AppDelegate.swift in Sources */ = {isa = PBXBuildFile; fileRef = 77D44D5423CAD81A003CDF1E /* AppDelegate.swift */; };
		77D44D5723CAD81A003CDF1E /* SceneDelegate.swift in Sources */ = {isa = PBXBuildFile; fileRef = 77D44D5623CAD81A003CDF1E /* SceneDelegate.swift */; };
		77D44D5923CAD81A003CDF1E /* ViewController.swift in Sources */ = {isa = PBXBuildFile; fileRef = 77D44D5823CAD81A003CDF1E /* ViewController.swift */; };
		77D44D5C23CAD81A003CDF1E /* Main.storyboard in Resources */ = {isa = PBXBuildFile; fileRef = 77D44D5A23CAD81A003CDF1E /* Main.storyboard */; };
		77D44D5E23CAD81C003CDF1E /* Assets.xcassets in Resources */ = {isa = PBXBuildFile; fileRef = 77D44D5D23CAD81C003CDF1E /* Assets.xcassets */; };
		77D44D6123CAD81C003CDF1E /* LaunchScreen.storyboard in Resources */ = {isa = PBXBuildFile; fileRef = 77D44D5F23CAD81C003CDF1E /* LaunchScreen.storyboard */; };
		77D44D6E23CAD9FF003CDF1E /* WawaSC-Regular.otf in Resources */ = {isa = PBXBuildFile; fileRef = 77D44D6D23CAD9FF003CDF1E /* WawaSC-Regular.otf */; };
		77D44D7023CAE209003CDF1E /* IndieFlower-Regular.ttf in Resources */ = {isa = PBXBuildFile; fileRef = 77D44D6F23CAE209003CDF1E /* IndieFlower-Regular.ttf */; };
		77D44D7223CAE214003CDF1E /* LongCang-Regular.ttf in Resources */ = {isa = PBXBuildFile; fileRef = 77D44D7123CAE214003CDF1E /* LongCang-Regular.ttf */; };
/* End PBXBuildFile section */

/* Begin PBXFileReference section */
		77D44D5123CAD81A003CDF1E /* Day2-CustomFonts.app */ = {isa = PBXFileReference; explicitFileType = wrapper.application; includeInIndex = 0; path = "Day2-CustomFonts.app"; sourceTree = BUILT_PRODUCTS_DIR; };
		77D44D5423CAD81A003CDF1E /* AppDelegate.swift */ = {isa = PBXFileReference; lastKnownFileType = sourcecode.swift; path = AppDelegate.swift; sourceTree = "<group>"; };
		77D44D5623CAD81A003CDF1E /* SceneDelegate.swift */ = {isa = PBXFileReference; lastKnownFileType = sourcecode.swift; path = SceneDelegate.swift; sourceTree = "<group>"; };
		77D44D5823CAD81A003CDF1E /* ViewController.swift */ = {isa = PBXFileReference; lastKnownFileType = sourcecode.swift; path = ViewController.swift; sourceTree = "<group>"; };
		77D44D5B23CAD81A003CDF1E /* Base */ = {isa = PBXFileReference; lastKnownFileType = file.storyboard; name = Base; path = Base.lproj/Main.storyboard; sourceTree = "<group>"; };
		77D44D5D23CAD81C003CDF1E /* Assets.xcassets */ = {isa = PBXFileReference; lastKnownFileType = folder.assetcatalog; path = Assets.xcassets; sourceTree = "<group>"; };
		77D44D6023CAD81C003CDF1E /* Base */ = {isa = PBXFileReference; lastKnownFileType = file.storyboard; name = Base; path = Base.lproj/LaunchScreen.storyboard; sourceTree = "<group>"; };
		77D44D6223CAD81C003CDF1E /* Info.plist */ = {isa = PBXFileReference; lastKnownFileType = text.plist.xml; path = Info.plist; sourceTree = "<group>"; };
		77D44D6D23CAD9FF003CDF1E /* WawaSC-Regular.otf */ = {isa = PBXFileReference; lastKnownFileType = file; path = "WawaSC-Regular.otf"; sourceTree = "<group>"; };
		77D44D6F23CAE209003CDF1E /* IndieFlower-Regular.ttf */ = {isa = PBXFileReference; lastKnownFileType = file; path = "IndieFlower-Regular.ttf"; sourceTree = "<group>"; };
		77D44D7123CAE214003CDF1E /* LongCang-Regular.ttf */ = {isa = PBXFileReference; lastKnownFileType = file; path = "LongCang-Regular.ttf"; sourceTree = "<group>"; };
/* End PBXFileReference section */

/* Begin PBXFrameworksBuildPhase section */
		77D44D4E23CAD81A003CDF1E /* Frameworks */ = {
			isa = PBXFrameworksBuildPhase;
			buildActionMask = 2147483647;
			files = (
			);
			runOnlyForDeploymentPostprocessing = 0;
		};
/* End PBXFrameworksBuildPhase section */

/* Begin PBXGroup section */
		77D44D4823CAD81A003CDF1E = {
			isa = PBXGroup;
			children = (
				77D44D5323CAD81A003CDF1E /* Day2-CustomFonts */,
				77D44D5223CAD81A003CDF1E /* Products */,
			);
			sourceTree = "<group>";
		};
		77D44D5223CAD81A003CDF1E /* Products */ = {
			isa = PBXGroup;
			children = (
				77D44D5123CAD81A003CDF1E /* Day2-CustomFonts.app */,
			);
			name = Products;
			sourceTree = "<group>";
		};
		77D44D5323CAD81A003CDF1E /* Day2-CustomFonts */ = {
			isa = PBXGroup;
			children = (
				77D44D5423CAD81A003CDF1E /* AppDelegate.swift */,
				77D44D5623CAD81A003CDF1E /* SceneDelegate.swift */,
				77D44D5823CAD81A003CDF1E /* ViewController.swift */,
				77D44D5A23CAD81A003CDF1E /* Main.storyboard */,
				77D44D5D23CAD81C003CDF1E /* Assets.xcassets */,
				77D44D6823CAD824003CDF1E /* Font */,
				77D44D5F23CAD81C003CDF1E /* LaunchScreen.storyboard */,
				77D44D6223CAD81C003CDF1E /* Info.plist */,
			);
			path = "Day2-CustomFonts";
			sourceTree = "<group>";
		};
		77D44D6823CAD824003CDF1E /* Font */ = {
			isa = PBXGroup;
			children = (
				77D44D7123CAE214003CDF1E /* LongCang-Regular.ttf */,
				77D44D6F23CAE209003CDF1E /* IndieFlower-Regular.ttf */,
				77D44D6D23CAD9FF003CDF1E /* WawaSC-Regular.otf */,
			);
			path = Font;
			sourceTree = "<group>";
		};
/* End PBXGroup section */

/* Begin PBXNativeTarget section */
		77D44D5023CAD81A003CDF1E /* Day2-CustomFonts */ = {
			isa = PBXNativeTarget;
			buildConfigurationList = 77D44D6523CAD81C003CDF1E /* Build configuration list for PBXNativeTarget "Day2-CustomFonts" */;
			buildPhases = (
				77D44D4D23CAD81A003CDF1E /* Sources */,
				77D44D4E23CAD81A003CDF1E /* Frameworks */,
				77D44D4F23CAD81A003CDF1E /* Resources */,
			);
			buildRules = (
			);
			dependencies = (
			);
			name = "Day2-CustomFonts";
			productName = "Day2-CustomFonts";
			productReference = 77D44D5123CAD81A003CDF1E /* Day2-CustomFonts.app */;
			productType = "com.apple.product-type.application";
		};
/* End PBXNativeTarget section */

/* Begin PBXProject section */
		77D44D4923CAD81A003CDF1E /* Project object */ = {
			isa = PBXProject;
			attributes = {
				LastSwiftUpdateCheck = 1130;
				LastUpgradeCheck = 1130;
				ORGANIZATIONNAME = "田逸昕";
				TargetAttributes = {
					77D44D5023CAD81A003CDF1E = {
						CreatedOnToolsVersion = 11.3;
					};
				};
			};
			buildConfigurationList = 77D44D4C23CAD81A003CDF1E /* Build configuration list for PBXProject "Day2-CustomFonts" */;
			compatibilityVersion = "Xcode 9.3";
			developmentRegion = en;
			hasScannedForEncodings = 0;
			knownRegions = (
				en,
				Base,
			);
			mainGroup = 77D44D4823CAD81A003CDF1E;
			productRefGroup = 77D44D5223CAD81A003CDF1E /* Products */;
			projectDirPath = "";
			projectRoot = "";
			targets = (
				77D44D5023CAD81A003CDF1E /* Day2-CustomFonts */,
			);
		};
/* End PBXProject section */

/* Begin PBXResourcesBuildPhase section */
		77D44D4F23CAD81A003CDF1E /* Resources */ = {
			isa = PBXResourcesBuildPhase;
			buildActionMask = 2147483647;
			files = (
				77D44D7223CAE214003CDF1E /* LongCang-Regular.ttf in Resources */,
				77D44D6123CAD81C003CDF1E /* LaunchScreen.storyboard in Resources */,
				77D44D5E23CAD81C003CDF1E /* Assets.xcassets in Resources */,
				77D44D6E23CAD9FF003CDF1E /* WawaSC-Regular.otf in Resources */,
				77D44D5C23CAD81A003CDF1E /* Main.storyboard in Resources */,
				77D44D7023CAE209003CDF1E /* IndieFlower-Regular.ttf in Resources */,
			);
			runOnlyForDeploymentPostprocessing = 0;
		};
/* End PBXResourcesBuildPhase section */

/* Begin PBXSourcesBuildPhase section */
		77D44D4D23CAD81A003CDF1E /* Sources */ = {
			isa = PBXSourcesBuildPhase;
			buildActionMask = 2147483647;
			files = (
				77D44D5923CAD81A003CDF1E /* ViewController.swift in Sources */,
				77D44D5523CAD81A003CDF1E /* AppDelegate.swift in Sources */,
				77D44D5723CAD81A003CDF1E /* SceneDelegate.swift in Sources */,
			);
			runOnlyForDeploymentPostprocessing = 0;
		};
/* End PBXSourcesBuildPhase section */

/* Begin PBXVariantGroup section */
		77D44D5A23CAD81A003CDF1E /* Main.storyboard */ = {
			isa = PBXVariantGroup;
			children = (
				77D44D5B23CAD81A003CDF1E /* Base */,
			);
			name = Main.storyboard;
			sourceTree = "<group>";
		};
		77D44D5F23CAD81C003CDF1E /* LaunchScreen.storyboard */ = {
			isa = PBXVariantGroup;
			children = (
				77D44D6023CAD81C003CDF1E /* Base */,
			);
			name = LaunchScreen.storyboard;
			sourceTree = "<group>";
		};
/* End PBXVariantGroup section */

/* Begin XCBuildConfiguration section */
		77D44D6323CAD81C003CDF1E /* Debug */ = {
			isa = XCBuildConfiguration;
			buildSettings = {
				ALWAYS_SEARCH_USER_PATHS = NO;
				CLANG_ANALYZER_NONNULL = YES;
				CLANG_ANALYZER_NUMBER_OBJECT_CONVERSION = YES_AGGRESSIVE;
				CLANG_CXX_LANGUAGE_STANDARD = "gnu++14";
				CLANG_CXX_LIBRARY = "libc++";
				CLANG_ENABLE_MODULES = YES;
				CLANG_ENABLE_OBJC_ARC = YES;
				CLANG_ENABLE_OBJC_WEAK = YES;
				CLANG_WARN_BLOCK_CAPTURE_AUTORELEASING = YES;
				CLANG_WARN_BOOL_CONVERSION = YES;
				CLANG_WARN_COMMA = YES;
				CLANG_WARN_CONSTANT_CONVERSION = YES;
				CLANG_WARN_DEPRECATED_OBJC_IMPLEMENTATIONS = YES;
				CLANG_WARN_DIRECT_OBJC_ISA_USAGE = YES_ERROR;
				CLANG_WARN_DOCUMENTATION_COMMENTS = YES;
				CLANG_WARN_EMPTY_BODY = YES;
				CLANG_WARN_ENUM_CONVERSION = YES;
				CLANG_WARN_INFINITE_RECURSION = YES;
				CLANG_WARN_INT_CONVERSION = YES;
				CLANG_WARN_NON_LITERAL_NULL_CONVERSION = YES;
				CLANG_WARN_OBJC_IMPLICIT_RETAIN_SELF = YES;
				CLANG_WARN_OBJC_LITERAL_CONVERSION = YES;
				CLANG_WARN_OBJC_ROOT_CLASS = YES_ERROR;
				CLANG_WARN_RANGE_LOOP_ANALYSIS = YES;
				CLANG_WARN_STRICT_PROTOTYPES = YES;
				CLANG_WARN_SUSPICIOUS_MOVE = YES;
				CLANG_WARN_UNGUARDED_AVAILABILITY = YES_AGGRESSIVE;
				CLANG_WARN_UNREACHABLE_CODE = YES;
				CLANG_WARN__DUPLICATE_METHOD_MATCH = YES;
				COPY_PHASE_STRIP = NO;
				DEBUG_INFORMATION_FORMAT = dwarf;
				ENABLE_STRICT_OBJC_MSGSEND = YES;
				ENABLE_TESTABILITY = YES;
				GCC_C_LANGUAGE_STANDARD = gnu11;
				GCC_DYNAMIC_NO_PIC = NO;
				GCC_NO_COMMON_BLOCKS = YES;
				GCC_OPTIMIZATION_LEVEL = 0;
				GCC_PREPROCESSOR_DEFINITIONS = (
					"DEBUG=1",
					"$(inherited)",
				);
				GCC_WARN_64_TO_32_BIT_CONVERSION = YES;
				GCC_WARN_ABOUT_RETURN_TYPE = YES_ERROR;
				GCC_WARN_UNDECLARED_SELECTOR = YES;
				GCC_WARN_UNINITIALIZED_AUTOS = YES_AGGRESSIVE;
				GCC_WARN_UNUSED_FUNCTION = YES;
				GCC_WARN_UNUSED_VARIABLE = YES;
				IPHONEOS_DEPLOYMENT_TARGET = 13.2;
				MTL_ENABLE_DEBUG_INFO = INCLUDE_SOURCE;
				MTL_FAST_MATH = YES;
				ONLY_ACTIVE_ARCH = YES;
				SDKROOT = iphoneos;
				SWIFT_ACTIVE_COMPILATION_CONDITIONS = DEBUG;
				SWIFT_OPTIMIZATION_LEVEL = "-Onone";
			};
			name = Debug;
		};
		77D44D6423CAD81C003CDF1E /* Release */ = {
			isa = XCBuildConfiguration;
			buildSettings = {
				ALWAYS_SEARCH_USER_PATHS = NO;
				CLANG_ANALYZER_NONNULL = YES;
				CLANG_ANALYZER_NUMBER_OBJECT_CONVERSION = YES_AGGRESSIVE;
				CLANG_CXX_LANGUAGE_STANDARD = "gnu++14";
				CLANG_CXX_LIBRARY = "libc++";
				CLANG_ENABLE_MODULES = YES;
				CLANG_ENABLE_OBJC_ARC = YES;
				CLANG_ENABLE_OBJC_WEAK = YES;
				CLANG_WARN_BLOCK_CAPTURE_AUTORELEASING = YES;
				CLANG_WARN_BOOL_CONVERSION = YES;
				CLANG_WARN_COMMA = YES;
				CLANG_WARN_CONSTANT_CONVERSION = YES;
				CLANG_WARN_DEPRECATED_OBJC_IMPLEMENTATIONS = YES;
				CLANG_WARN_DIRECT_OBJC_ISA_USAGE = YES_ERROR;
				CLANG_WARN_DOCUMENTATION_COMMENTS = YES;
				CLANG_WARN_EMPTY_BODY = YES;
				CLANG_WARN_ENUM_CONVERSION = YES;
				CLANG_WARN_INFINITE_RECURSION = YES;
				CLANG_WARN_INT_CONVERSION = YES;
				CLANG_WARN_NON_LITERAL_NULL_CONVERSION = YES;
				CLANG_WARN_OBJC_IMPLICIT_RETAIN_SELF = YES;
				CLANG_WARN_OBJC_LITERAL_CONVERSION = YES;
				CLANG_WARN_OBJC_ROOT_CLASS = YES_ERROR;
				CLANG_WARN_RANGE_LOOP_ANALYSIS = YES;
				CLANG_WARN_STRICT_PROTOTYPES = YES;
				CLANG_WARN_SUSPICIOUS_MOVE = YES;
				CLANG_WARN_UNGUARDED_AVAILABILITY = YES_AGGRESSIVE;
				CLANG_WARN_UNREACHABLE_CODE = YES;
				CLANG_WARN__DUPLICATE_METHOD_MATCH = YES;
				COPY_PHASE_STRIP = NO;
				DEBUG_INFORMATION_FORMAT = "dwarf-with-dsym";
				ENABLE_NS_ASSERTIONS = NO;
				ENABLE_STRICT_OBJC_MSGSEND = YES;
				GCC_C_LANGUAGE_STANDARD = gnu11;
				GCC_NO_COMMON_BLOCKS = YES;
				GCC_WARN_64_TO_32_BIT_CONVERSION = YES;
				GCC_WARN_ABOUT_RETURN_TYPE = YES_ERROR;
				GCC_WARN_UNDECLARED_SELECTOR = YES;
				GCC_WARN_UNINITIALIZED_AUTOS = YES_AGGRESSIVE;
				GCC_WARN_UNUSED_FUNCTION = YES;
				GCC_WARN_UNUSED_VARIABLE = YES;
				IPHONEOS_DEPLOYMENT_TARGET = 13.2;
				MTL_ENABLE_DEBUG_INFO = NO;
				MTL_FAST_MATH = YES;
				SDKROOT = iphoneos;
				SWIFT_COMPILATION_MODE = wholemodule;
				SWIFT_OPTIMIZATION_LEVEL = "-O";
				VALIDATE_PRODUCT = YES;
			};
			name = Release;
		};
		77D44D6623CAD81C003CDF1E /* Debug */ = {
			isa = XCBuildConfiguration;
			buildSettings = {
				ASSETCATALOG_COMPILER_APPICON_NAME = AppIcon;
				CODE_SIGN_STYLE = Automatic;
				DEVELOPMENT_TEAM = 5TG2BW6J7T;
				INFOPLIST_FILE = "Day2-CustomFonts/Info.plist";
				LD_RUNPATH_SEARCH_PATHS = (
					"$(inherited)",
					"@executable_path/Frameworks",
				);
				PRODUCT_BUNDLE_IDENTIFIER = "ezreal.tian.Day2-CustomFonts";
				PRODUCT_NAME = "$(TARGET_NAME)";
				SWIFT_VERSION = 5.0;
				TARGETED_DEVICE_FAMILY = "1,2";
			};
			name = Debug;
		};
		77D44D6723CAD81C003CDF1E /* Release */ = {
			isa = XCBuildConfiguration;
			buildSettings = {
				ASSETCATALOG_COMPILER_APPICON_NAME = AppIcon;
				CODE_SIGN_STYLE = Automatic;
				DEVELOPMENT_TEAM = 5TG2BW6J7T;
				INFOPLIST_FILE = "Day2-CustomFonts/Info.plist";
				LD_RUNPATH_SEARCH_PATHS = (
					"$(inherited)",
					"@executable_path/Frameworks",
				);
				PRODUCT_BUNDLE_IDENTIFIER = "ezreal.tian.Day2-CustomFonts";
				PRODUCT_NAME = "$(TARGET_NAME)";
				SWIFT_VERSION = 5.0;
				TARGETED_DEVICE_FAMILY = "1,2";
			};
			name = Release;
		};
/* End XCBuildConfiguration section */

/* Begin XCConfigurationList section */
		77D44D4C23CAD81A003CDF1E /* Build configuration list for PBXProject "Day2-CustomFonts" */ = {
			isa = XCConfigurationList;
			buildConfigurations = (
				77D44D6323CAD81C003CDF1E /* Debug */,
				77D44D6423CAD81C003CDF1E /* Release */,
			);
			defaultConfigurationIsVisible = 0;
			defaultConfigurationName = Release;
		};
		77D44D6523CAD81C003CDF1E /* Build configuration list for PBXNativeTarget "Day2-CustomFonts" */ = {
			isa = XCConfigurationList;
			buildConfigurations = (
				77D44D6623CAD81C003CDF1E /* Debug */,
				77D44D6723CAD81C003CDF1E /* Release */,
			);
			defaultConfigurationIsVisible = 0;
			defaultConfigurationName = Release;
		};
/* End XCConfigurationList section */
	};
	rootObject = 77D44D4923CAD81A003CDF1E /* Project object */;
}
