// !$*UTF8*$!
{
	archiveVersion = 1;
	classes = {
	};
	objectVersion = 50;
	objects = {

/* Begin PBXBuildFile section */
		7771385F23EC410500E31B47 /* AppDelegate.swift in Sources */ = {isa = PBXBuildFile; fileRef = 7771385E23EC410500E31B47 /* AppDelegate.swift */; };
		7771386123EC410500E31B47 /* SceneDelegate.swift in Sources */ = {isa = PBXBuildFile; fileRef = 7771386023EC410500E31B47 /* SceneDelegate.swift */; };
		7771386323EC410500E31B47 /* ViewController.swift in Sources */ = {isa = PBXBuildFile; fileRef = 7771386223EC410500E31B47 /* ViewController.swift */; };
		7771386623EC410500E31B47 /* Main.storyboard in Resources */ = {isa = PBXBuildFile; fileRef = 7771386423EC410500E31B47 /* Main.storyboard */; };
		7771386823EC410600E31B47 /* Assets.xcassets in Resources */ = {isa = PBXBuildFile; fileRef = 7771386723EC410600E31B47 /* Assets.xcassets */; };
		7771386B23EC410600E31B47 /* LaunchScreen.storyboard in Resources */ = {isa = PBXBuildFile; fileRef = 7771386923EC410600E31B47 /* LaunchScreen.storyboard */; };
		7771387323EC416B00E31B47 /* ClearTableViewCell.swift in Sources */ = {isa = PBXBuildFile; fileRef = 7771387223EC416B00E31B47 /* ClearTableViewCell.swift */; };
/* End PBXBuildFile section */

/* Begin PBXFileReference section */
		7771385B23EC410500E31B47 /* Day11-ClearTableViewCell.app */ = {isa = PBXFileReference; explicitFileType = wrapper.application; includeInIndex = 0; path = "Day11-ClearTableViewCell.app"; sourceTree = BUILT_PRODUCTS_DIR; };
		7771385E23EC410500E31B47 /* AppDelegate.swift */ = {isa = PBXFileReference; lastKnownFileType = sourcecode.swift; path = AppDelegate.swift; sourceTree = "<group>"; };
		7771386023EC410500E31B47 /* SceneDelegate.swift */ = {isa = PBXFileReference; lastKnownFileType = sourcecode.swift; path = SceneDelegate.swift; sourceTree = "<group>"; };
		7771386223EC410500E31B47 /* ViewController.swift */ = {isa = PBXFileReference; lastKnownFileType = sourcecode.swift; path = ViewController.swift; sourceTree = "<group>"; };
		7771386523EC410500E31B47 /* Base */ = {isa = PBXFileReference; lastKnownFileType = file.storyboard; name = Base; path = Base.lproj/Main.storyboard; sourceTree = "<group>"; };
		7771386723EC410600E31B47 /* Assets.xcassets */ = {isa = PBXFileReference; lastKnownFileType = folder.assetcatalog; path = Assets.xcassets; sourceTree = "<group>"; };
		7771386A23EC410600E31B47 /* Base */ = {isa = PBXFileReference; lastKnownFileType = file.storyboard; name = Base; path = Base.lproj/LaunchScreen.storyboard; sourceTree = "<group>"; };
		7771386C23EC410600E31B47 /* Info.plist */ = {isa = PBXFileReference; lastKnownFileType = text.plist.xml; path = Info.plist; sourceTree = "<group>"; };
		7771387223EC416B00E31B47 /* ClearTableViewCell.swift */ = {isa = PBXFileReference; lastKnownFileType = sourcecode.swift; path = ClearTableViewCell.swift; sourceTree = "<group>"; };
/* End PBXFileReference section */

/* Begin PBXFrameworksBuildPhase section */
		7771385823EC410500E31B47 /* Frameworks */ = {
			isa = PBXFrameworksBuildPhase;
			buildActionMask = 2147483647;
			files = (
			);
			runOnlyForDeploymentPostprocessing = 0;
		};
/* End PBXFrameworksBuildPhase section */

/* Begin PBXGroup section */
		7771385223EC410500E31B47 = {
			isa = PBXGroup;
			children = (
				7771385D23EC410500E31B47 /* Day11-ClearTableViewCell */,
				7771385C23EC410500E31B47 /* Products */,
			);
			sourceTree = "<group>";
		};
		7771385C23EC410500E31B47 /* Products */ = {
			isa = PBXGroup;
			children = (
				7771385B23EC410500E31B47 /* Day11-ClearTableViewCell.app */,
			);
			name = Products;
			sourceTree = "<group>";
		};
		7771385D23EC410500E31B47 /* Day11-ClearTableViewCell */ = {
			isa = PBXGroup;
			children = (
				7771385E23EC410500E31B47 /* AppDelegate.swift */,
				7771386023EC410500E31B47 /* SceneDelegate.swift */,
				7771386223EC410500E31B47 /* ViewController.swift */,
				7771387223EC416B00E31B47 /* ClearTableViewCell.swift */,
				7771386423EC410500E31B47 /* Main.storyboard */,
				7771386723EC410600E31B47 /* Assets.xcassets */,
				7771386923EC410600E31B47 /* LaunchScreen.storyboard */,
				7771386C23EC410600E31B47 /* Info.plist */,
			);
			path = "Day11-ClearTableViewCell";
			sourceTree = "<group>";
		};
/* End PBXGroup section */

/* Begin PBXNativeTarget section */
		7771385A23EC410500E31B47 /* Day11-ClearTableViewCell */ = {
			isa = PBXNativeTarget;
			buildConfigurationList = 7771386F23EC410600E31B47 /* Build configuration list for PBXNativeTarget "Day11-ClearTableViewCell" */;
			buildPhases = (
				7771385723EC410500E31B47 /* Sources */,
				7771385823EC410500E31B47 /* Frameworks */,
				7771385923EC410500E31B47 /* Resources */,
			);
			buildRules = (
			);
			dependencies = (
			);
			name = "Day11-ClearTableViewCell";
			productName = "Day11-ClearTableViewCell";
			productReference = 7771385B23EC410500E31B47 /* Day11-ClearTableViewCell.app */;
			productType = "com.apple.product-type.application";
		};
/* End PBXNativeTarget section */

/* Begin PBXProject section */
		7771385323EC410500E31B47 /* Project object */ = {
			isa = PBXProject;
			attributes = {
				LastSwiftUpdateCheck = 1130;
				LastUpgradeCheck = 1130;
				ORGANIZATIONNAME = "田逸昕";
				TargetAttributes = {
					7771385A23EC410500E31B47 = {
						CreatedOnToolsVersion = 11.3.1;
					};
				};
			};
			buildConfigurationList = 7771385623EC410500E31B47 /* Build configuration list for PBXProject "Day11-ClearTableViewCell" */;
			compatibilityVersion = "Xcode 9.3";
			developmentRegion = en;
			hasScannedForEncodings = 0;
			knownRegions = (
				en,
				Base,
			);
			mainGroup = 7771385223EC410500E31B47;
			productRefGroup = 7771385C23EC410500E31B47 /* Products */;
			projectDirPath = "";
			projectRoot = "";
			targets = (
				7771385A23EC410500E31B47 /* Day11-ClearTableViewCell */,
			);
		};
/* End PBXProject section */

/* Begin PBXResourcesBuildPhase section */
		7771385923EC410500E31B47 /* Resources */ = {
			isa = PBXResourcesBuildPhase;
			buildActionMask = 2147483647;
			files = (
				7771386B23EC410600E31B47 /* LaunchScreen.storyboard in Resources */,
				7771386823EC410600E31B47 /* Assets.xcassets in Resources */,
				7771386623EC410500E31B47 /* Main.storyboard in Resources */,
			);
			runOnlyForDeploymentPostprocessing = 0;
		};
/* End PBXResourcesBuildPhase section */

/* Begin PBXSourcesBuildPhase section */
		7771385723EC410500E31B47 /* Sources */ = {
			isa = PBXSourcesBuildPhase;
			buildActionMask = 2147483647;
			files = (
				7771386323EC410500E31B47 /* ViewController.swift in Sources */,
				7771387323EC416B00E31B47 /* ClearTableViewCell.swift in Sources */,
				7771385F23EC410500E31B47 /* AppDelegate.swift in Sources */,
				7771386123EC410500E31B47 /* SceneDelegate.swift in Sources */,
			);
			runOnlyForDeploymentPostprocessing = 0;
		};
/* End PBXSourcesBuildPhase section */

/* Begin PBXVariantGroup section */
		7771386423EC410500E31B47 /* Main.storyboard */ = {
			isa = PBXVariantGroup;
			children = (
				7771386523EC410500E31B47 /* Base */,
			);
			name = Main.storyboard;
			sourceTree = "<group>";
		};
		7771386923EC410600E31B47 /* LaunchScreen.storyboard */ = {
			isa = PBXVariantGroup;
			children = (
				7771386A23EC410600E31B47 /* Base */,
			);
			name = LaunchScreen.storyboard;
			sourceTree = "<group>";
		};
/* End PBXVariantGroup section */

/* Begin XCBuildConfiguration section */
		7771386D23EC410600E31B47 /* Debug */ = {
			isa = XCBuildConfiguration;
			buildSettings = {
				ALWAYS_SEARCH_USER_PATHS = NO;
				CLANG_ANALYZER_NONNULL = YES;
				CLANG_ANALYZER_NUMBER_OBJECT_CONVERSION = YES_AGGRESSIVE;
				CLANG_CXX_LANGUAGE_STANDARD = "gnu++14";
				CLANG_CXX_LIBRARY = "libc++";
				CLANG_ENABLE_MODULES = YES;
				CLANG_ENABLE_OBJC_ARC = YES;
				CLANG_ENABLE_OBJC_WEAK = YES;
				CLANG_WARN_BLOCK_CAPTURE_AUTORELEASING = YES;
				CLANG_WARN_BOOL_CONVERSION = YES;
				CLANG_WARN_COMMA = YES;
				CLANG_WARN_CONSTANT_CONVERSION = YES;
				CLANG_WARN_DEPRECATED_OBJC_IMPLEMENTATIONS = YES;
				CLANG_WARN_DIRECT_OBJC_ISA_USAGE = YES_ERROR;
				CLANG_WARN_DOCUMENTATION_COMMENTS = YES;
				CLANG_WARN_EMPTY_BODY = YES;
				CLANG_WARN_ENUM_CONVERSION = YES;
				CLANG_WARN_INFINITE_RECURSION = YES;
				CLANG_WARN_INT_CONVERSION = YES;
				CLANG_WARN_NON_LITERAL_NULL_CONVERSION = YES;
				CLANG_WARN_OBJC_IMPLICIT_RETAIN_SELF = YES;
				CLANG_WARN_OBJC_LITERAL_CONVERSION = YES;
				CLANG_WARN_OBJC_ROOT_CLASS = YES_ERROR;
				CLANG_WARN_RANGE_LOOP_ANALYSIS = YES;
				CLANG_WARN_STRICT_PROTOTYPES = YES;
				CLANG_WARN_SUSPICIOUS_MOVE = YES;
				CLANG_WARN_UNGUARDED_AVAILABILITY = YES_AGGRESSIVE;
				CLANG_WARN_UNREACHABLE_CODE = YES;
				CLANG_WARN__DUPLICATE_METHOD_MATCH = YES;
				COPY_PHASE_STRIP = NO;
				DEBUG_INFORMATION_FORMAT = dwarf;
				ENABLE_STRICT_OBJC_MSGSEND = YES;
				ENABLE_TESTABILITY = YES;
				GCC_C_LANGUAGE_STANDARD = gnu11;
				GCC_DYNAMIC_NO_PIC = NO;
				GCC_NO_COMMON_BLOCKS = YES;
				GCC_OPTIMIZATION_LEVEL = 0;
				GCC_PREPROCESSOR_DEFINITIONS = (
					"DEBUG=1",
					"$(inherited)",
				);
				GCC_WARN_64_TO_32_BIT_CONVERSION = YES;
				GCC_WARN_ABOUT_RETURN_TYPE = YES_ERROR;
				GCC_WARN_UNDECLARED_SELECTOR = YES;
				GCC_WARN_UNINITIALIZED_AUTOS = YES_AGGRESSIVE;
				GCC_WARN_UNUSED_FUNCTION = YES;
				GCC_WARN_UNUSED_VARIABLE = YES;
				IPHONEOS_DEPLOYMENT_TARGET = 13.2;
				MTL_ENABLE_DEBUG_INFO = INCLUDE_SOURCE;
				MTL_FAST_MATH = YES;
				ONLY_ACTIVE_ARCH = YES;
				SDKROOT = iphoneos;
				SWIFT_ACTIVE_COMPILATION_CONDITIONS = DEBUG;
				SWIFT_OPTIMIZATION_LEVEL = "-Onone";
			};
			name = Debug;
		};
		7771386E23EC410600E31B47 /* Release */ = {
			isa = XCBuildConfiguration;
			buildSettings = {
				ALWAYS_SEARCH_USER_PATHS = NO;
				CLANG_ANALYZER_NONNULL = YES;
				CLANG_ANALYZER_NUMBER_OBJECT_CONVERSION = YES_AGGRESSIVE;
				CLANG_CXX_LANGUAGE_STANDARD = "gnu++14";
				CLANG_CXX_LIBRARY = "libc++";
				CLANG_ENABLE_MODULES = YES;
				CLANG_ENABLE_OBJC_ARC = YES;
				CLANG_ENABLE_OBJC_WEAK = YES;
				CLANG_WARN_BLOCK_CAPTURE_AUTORELEASING = YES;
				CLANG_WARN_BOOL_CONVERSION = YES;
				CLANG_WARN_COMMA = YES;
				CLANG_WARN_CONSTANT_CONVERSION = YES;
				CLANG_WARN_DEPRECATED_OBJC_IMPLEMENTATIONS = YES;
				CLANG_WARN_DIRECT_OBJC_ISA_USAGE = YES_ERROR;
				CLANG_WARN_DOCUMENTATION_COMMENTS = YES;
				CLANG_WARN_EMPTY_BODY = YES;
				CLANG_WARN_ENUM_CONVERSION = YES;
				CLANG_WARN_INFINITE_RECURSION = YES;
				CLANG_WARN_INT_CONVERSION = YES;
				CLANG_WARN_NON_LITERAL_NULL_CONVERSION = YES;
				CLANG_WARN_OBJC_IMPLICIT_RETAIN_SELF = YES;
				CLANG_WARN_OBJC_LITERAL_CONVERSION = YES;
				CLANG_WARN_OBJC_ROOT_CLASS = YES_ERROR;
				CLANG_WARN_RANGE_LOOP_ANALYSIS = YES;
				CLANG_WARN_STRICT_PROTOTYPES = YES;
				CLANG_WARN_SUSPICIOUS_MOVE = YES;
				CLANG_WARN_UNGUARDED_AVAILABILITY = YES_AGGRESSIVE;
				CLANG_WARN_UNREACHABLE_CODE = YES;
				CLANG_WARN__DUPLICATE_METHOD_MATCH = YES;
				COPY_PHASE_STRIP = NO;
				DEBUG_INFORMATION_FORMAT = "dwarf-with-dsym";
				ENABLE_NS_ASSERTIONS = NO;
				ENABLE_STRICT_OBJC_MSGSEND = YES;
				GCC_C_LANGUAGE_STANDARD = gnu11;
				GCC_NO_COMMON_BLOCKS = YES;
				GCC_WARN_64_TO_32_BIT_CONVERSION = YES;
				GCC_WARN_ABOUT_RETURN_TYPE = YES_ERROR;
				GCC_WARN_UNDECLARED_SELECTOR = YES;
				GCC_WARN_UNINITIALIZED_AUTOS = YES_AGGRESSIVE;
				GCC_WARN_UNUSED_FUNCTION = YES;
				GCC_WARN_UNUSED_VARIABLE = YES;
				IPHONEOS_DEPLOYMENT_TARGET = 13.2;
				MTL_ENABLE_DEBUG_INFO = NO;
				MTL_FAST_MATH = YES;
				SDKROOT = iphoneos;
				SWIFT_COMPILATION_MODE = wholemodule;
				SWIFT_OPTIMIZATION_LEVEL = "-O";
				VALIDATE_PRODUCT = YES;
			};
			name = Release;
		};
		7771387023EC410600E31B47 /* Debug */ = {
			isa = XCBuildConfiguration;
			buildSettings = {
				ASSETCATALOG_COMPILER_APPICON_NAME = AppIcon;
				CODE_SIGN_STYLE = Automatic;
				DEVELOPMENT_TEAM = 5TG2BW6J7T;
				INFOPLIST_FILE = "Day11-ClearTableViewCell/Info.plist";
				LD_RUNPATH_SEARCH_PATHS = (
					"$(inherited)",
					"@executable_path/Frameworks",
				);
				PRODUCT_BUNDLE_IDENTIFIER = "ezreal.tian.Day11-ClearTableViewCell";
				PRODUCT_NAME = "$(TARGET_NAME)";
				SWIFT_VERSION = 5.0;
				TARGETED_DEVICE_FAMILY = "1,2";
			};
			name = Debug;
		};
		7771387123EC410600E31B47 /* Release */ = {
			isa = XCBuildConfiguration;
			buildSettings = {
				ASSETCATALOG_COMPILER_APPICON_NAME = AppIcon;
				CODE_SIGN_STYLE = Automatic;
				DEVELOPMENT_TEAM = 5TG2BW6J7T;
				INFOPLIST_FILE = "Day11-ClearTableViewCell/Info.plist";
				LD_RUNPATH_SEARCH_PATHS = (
					"$(inherited)",
					"@executable_path/Frameworks",
				);
				PRODUCT_BUNDLE_IDENTIFIER = "ezreal.tian.Day11-ClearTableViewCell";
				PRODUCT_NAME = "$(TARGET_NAME)";
				SWIFT_VERSION = 5.0;
				TARGETED_DEVICE_FAMILY = "1,2";
			};
			name = Release;
		};
/* End XCBuildConfiguration section */

/* Begin XCConfigurationList section */
		7771385623EC410500E31B47 /* Build configuration list for PBXProject "Day11-ClearTableViewCell" */ = {
			isa = XCConfigurationList;
			buildConfigurations = (
				7771386D23EC410600E31B47 /* Debug */,
				7771386E23EC410600E31B47 /* Release */,
			);
			defaultConfigurationIsVisible = 0;
			defaultConfigurationName = Release;
		};
		7771386F23EC410600E31B47 /* Build configuration list for PBXNativeTarget "Day11-ClearTableViewCell" */ = {
			isa = XCConfigurationList;
			buildConfigurations = (
				7771387023EC410600E31B47 /* Debug */,
				7771387123EC410600E31B47 /* Release */,
			);
			defaultConfigurationIsVisible = 0;
			defaultConfigurationName = Release;
		};
/* End XCConfigurationList section */
	};
	rootObject = 7771385323EC410500E31B47 /* Project object */;
}
