// !$*UTF8*$!
{
	archiveVersion = 1;
	classes = {
	};
	objectVersion = 50;
	objects = {

/* Begin PBXBuildFile section */
		774FDF5223E8606C007EDCFD /* AppDelegate.swift in Sources */ = {isa = PBXBuildFile; fileRef = 774FDF5123E8606C007EDCFD /* AppDelegate.swift */; };
		774FDF5423E8606C007EDCFD /* SceneDelegate.swift in Sources */ = {isa = PBXBuildFile; fileRef = 774FDF5323E8606C007EDCFD /* SceneDelegate.swift */; };
		774FDF5623E8606C007EDCFD /* ViewController.swift in Sources */ = {isa = PBXBuildFile; fileRef = 774FDF5523E8606C007EDCFD /* ViewController.swift */; };
		774FDF5923E8606C007EDCFD /* Main.storyboard in Resources */ = {isa = PBXBuildFile; fileRef = 774FDF5723E8606C007EDCFD /* Main.storyboard */; };
		774FDF5B23E8606E007EDCFD /* Assets.xcassets in Resources */ = {isa = PBXBuildFile; fileRef = 774FDF5A23E8606E007EDCFD /* Assets.xcassets */; };
		774FDF5E23E8606E007EDCFD /* LaunchScreen.storyboard in Resources */ = {isa = PBXBuildFile; fileRef = 774FDF5C23E8606E007EDCFD /* LaunchScreen.storyboard */; };
/* End PBXBuildFile section */

/* Begin PBXFileReference section */
		774FDF4E23E8606C007EDCFD /* Day7-PullToRefresh.app */ = {isa = PBXFileReference; explicitFileType = wrapper.application; includeInIndex = 0; path = "Day7-PullToRefresh.app"; sourceTree = BUILT_PRODUCTS_DIR; };
		774FDF5123E8606C007EDCFD /* AppDelegate.swift */ = {isa = PBXFileReference; lastKnownFileType = sourcecode.swift; path = AppDelegate.swift; sourceTree = "<group>"; };
		774FDF5323E8606C007EDCFD /* SceneDelegate.swift */ = {isa = PBXFileReference; lastKnownFileType = sourcecode.swift; path = SceneDelegate.swift; sourceTree = "<group>"; };
		774FDF5523E8606C007EDCFD /* ViewController.swift */ = {isa = PBXFileReference; lastKnownFileType = sourcecode.swift; path = ViewController.swift; sourceTree = "<group>"; };
		774FDF5823E8606C007EDCFD /* Base */ = {isa = PBXFileReference; lastKnownFileType = file.storyboard; name = Base; path = Base.lproj/Main.storyboard; sourceTree = "<group>"; };
		774FDF5A23E8606E007EDCFD /* Assets.xcassets */ = {isa = PBXFileReference; lastKnownFileType = folder.assetcatalog; path = Assets.xcassets; sourceTree = "<group>"; };
		774FDF5D23E8606E007EDCFD /* Base */ = {isa = PBXFileReference; lastKnownFileType = file.storyboard; name = Base; path = Base.lproj/LaunchScreen.storyboard; sourceTree = "<group>"; };
		774FDF5F23E8606E007EDCFD /* Info.plist */ = {isa = PBXFileReference; lastKnownFileType = text.plist.xml; path = Info.plist; sourceTree = "<group>"; };
/* End PBXFileReference section */

/* Begin PBXFrameworksBuildPhase section */
		774FDF4B23E8606C007EDCFD /* Frameworks */ = {
			isa = PBXFrameworksBuildPhase;
			buildActionMask = 2147483647;
			files = (
			);
			runOnlyForDeploymentPostprocessing = 0;
		};
/* End PBXFrameworksBuildPhase section */

/* Begin PBXGroup section */
		774FDF4523E8606C007EDCFD = {
			isa = PBXGroup;
			children = (
				774FDF5023E8606C007EDCFD /* Day7-PullToRefresh */,
				774FDF4F23E8606C007EDCFD /* Products */,
			);
			sourceTree = "<group>";
		};
		774FDF4F23E8606C007EDCFD /* Products */ = {
			isa = PBXGroup;
			children = (
				774FDF4E23E8606C007EDCFD /* Day7-PullToRefresh.app */,
			);
			name = Products;
			sourceTree = "<group>";
		};
		774FDF5023E8606C007EDCFD /* Day7-PullToRefresh */ = {
			isa = PBXGroup;
			children = (
				774FDF5123E8606C007EDCFD /* AppDelegate.swift */,
				774FDF5323E8606C007EDCFD /* SceneDelegate.swift */,
				774FDF5523E8606C007EDCFD /* ViewController.swift */,
				774FDF5723E8606C007EDCFD /* Main.storyboard */,
				774FDF5A23E8606E007EDCFD /* Assets.xcassets */,
				774FDF5C23E8606E007EDCFD /* LaunchScreen.storyboard */,
				774FDF5F23E8606E007EDCFD /* Info.plist */,
			);
			path = "Day7-PullToRefresh";
			sourceTree = "<group>";
		};
/* End PBXGroup section */

/* Begin PBXNativeTarget section */
		774FDF4D23E8606C007EDCFD /* Day7-PullToRefresh */ = {
			isa = PBXNativeTarget;
			buildConfigurationList = 774FDF6223E8606E007EDCFD /* Build configuration list for PBXNativeTarget "Day7-PullToRefresh" */;
			buildPhases = (
				774FDF4A23E8606C007EDCFD /* Sources */,
				774FDF4B23E8606C007EDCFD /* Frameworks */,
				774FDF4C23E8606C007EDCFD /* Resources */,
			);
			buildRules = (
			);
			dependencies = (
			);
			name = "Day7-PullToRefresh";
			productName = "Day7-PullToRefresh";
			productReference = 774FDF4E23E8606C007EDCFD /* Day7-PullToRefresh.app */;
			productType = "com.apple.product-type.application";
		};
/* End PBXNativeTarget section */

/* Begin PBXProject section */
		774FDF4623E8606C007EDCFD /* Project object */ = {
			isa = PBXProject;
			attributes = {
				LastSwiftUpdateCheck = 1130;
				LastUpgradeCheck = 1130;
				ORGANIZATIONNAME = "田逸昕";
				TargetAttributes = {
					774FDF4D23E8606C007EDCFD = {
						CreatedOnToolsVersion = 11.3.1;
					};
				};
			};
			buildConfigurationList = 774FDF4923E8606C007EDCFD /* Build configuration list for PBXProject "Day7-PullToRefresh" */;
			compatibilityVersion = "Xcode 9.3";
			developmentRegion = en;
			hasScannedForEncodings = 0;
			knownRegions = (
				en,
				Base,
			);
			mainGroup = 774FDF4523E8606C007EDCFD;
			productRefGroup = 774FDF4F23E8606C007EDCFD /* Products */;
			projectDirPath = "";
			projectRoot = "";
			targets = (
				774FDF4D23E8606C007EDCFD /* Day7-PullToRefresh */,
			);
		};
/* End PBXProject section */

/* Begin PBXResourcesBuildPhase section */
		774FDF4C23E8606C007EDCFD /* Resources */ = {
			isa = PBXResourcesBuildPhase;
			buildActionMask = 2147483647;
			files = (
				774FDF5E23E8606E007EDCFD /* LaunchScreen.storyboard in Resources */,
				774FDF5B23E8606E007EDCFD /* Assets.xcassets in Resources */,
				774FDF5923E8606C007EDCFD /* Main.storyboard in Resources */,
			);
			runOnlyForDeploymentPostprocessing = 0;
		};
/* End PBXResourcesBuildPhase section */

/* Begin PBXSourcesBuildPhase section */
		774FDF4A23E8606C007EDCFD /* Sources */ = {
			isa = PBXSourcesBuildPhase;
			buildActionMask = 2147483647;
			files = (
				774FDF5623E8606C007EDCFD /* ViewController.swift in Sources */,
				774FDF5223E8606C007EDCFD /* AppDelegate.swift in Sources */,
				774FDF5423E8606C007EDCFD /* SceneDelegate.swift in Sources */,
			);
			runOnlyForDeploymentPostprocessing = 0;
		};
/* End PBXSourcesBuildPhase section */

/* Begin PBXVariantGroup section */
		774FDF5723E8606C007EDCFD /* Main.storyboard */ = {
			isa = PBXVariantGroup;
			children = (
				774FDF5823E8606C007EDCFD /* Base */,
			);
			name = Main.storyboard;
			sourceTree = "<group>";
		};
		774FDF5C23E8606E007EDCFD /* LaunchScreen.storyboard */ = {
			isa = PBXVariantGroup;
			children = (
				774FDF5D23E8606E007EDCFD /* Base */,
			);
			name = LaunchScreen.storyboard;
			sourceTree = "<group>";
		};
/* End PBXVariantGroup section */

/* Begin XCBuildConfiguration section */
		774FDF6023E8606E007EDCFD /* Debug */ = {
			isa = XCBuildConfiguration;
			buildSettings = {
				ALWAYS_SEARCH_USER_PATHS = NO;
				CLANG_ANALYZER_NONNULL = YES;
				CLANG_ANALYZER_NUMBER_OBJECT_CONVERSION = YES_AGGRESSIVE;
				CLANG_CXX_LANGUAGE_STANDARD = "gnu++14";
				CLANG_CXX_LIBRARY = "libc++";
				CLANG_ENABLE_MODULES = YES;
				CLANG_ENABLE_OBJC_ARC = YES;
				CLANG_ENABLE_OBJC_WEAK = YES;
				CLANG_WARN_BLOCK_CAPTURE_AUTORELEASING = YES;
				CLANG_WARN_BOOL_CONVERSION = YES;
				CLANG_WARN_COMMA = YES;
				CLANG_WARN_CONSTANT_CONVERSION = YES;
				CLANG_WARN_DEPRECATED_OBJC_IMPLEMENTATIONS = YES;
				CLANG_WARN_DIRECT_OBJC_ISA_USAGE = YES_ERROR;
				CLANG_WARN_DOCUMENTATION_COMMENTS = YES;
				CLANG_WARN_EMPTY_BODY = YES;
				CLANG_WARN_ENUM_CONVERSION = YES;
				CLANG_WARN_INFINITE_RECURSION = YES;
				CLANG_WARN_INT_CONVERSION = YES;
				CLANG_WARN_NON_LITERAL_NULL_CONVERSION = YES;
				CLANG_WARN_OBJC_IMPLICIT_RETAIN_SELF = YES;
				CLANG_WARN_OBJC_LITERAL_CONVERSION = YES;
				CLANG_WARN_OBJC_ROOT_CLASS = YES_ERROR;
				CLANG_WARN_RANGE_LOOP_ANALYSIS = YES;
				CLANG_WARN_STRICT_PROTOTYPES = YES;
				CLANG_WARN_SUSPICIOUS_MOVE = YES;
				CLANG_WARN_UNGUARDED_AVAILABILITY = YES_AGGRESSIVE;
				CLANG_WARN_UNREACHABLE_CODE = YES;
				CLANG_WARN__DUPLICATE_METHOD_MATCH = YES;
				COPY_PHASE_STRIP = NO;
				DEBUG_INFORMATION_FORMAT = dwarf;
				ENABLE_STRICT_OBJC_MSGSEND = YES;
				ENABLE_TESTABILITY = YES;
				GCC_C_LANGUAGE_STANDARD = gnu11;
				GCC_DYNAMIC_NO_PIC = NO;
				GCC_NO_COMMON_BLOCKS = YES;
				GCC_OPTIMIZATION_LEVEL = 0;
				GCC_PREPROCESSOR_DEFINITIONS = (
					"DEBUG=1",
					"$(inherited)",
				);
				GCC_WARN_64_TO_32_BIT_CONVERSION = YES;
				GCC_WARN_ABOUT_RETURN_TYPE = YES_ERROR;
				GCC_WARN_UNDECLARED_SELECTOR = YES;
				GCC_WARN_UNINITIALIZED_AUTOS = YES_AGGRESSIVE;
				GCC_WARN_UNUSED_FUNCTION = YES;
				GCC_WARN_UNUSED_VARIABLE = YES;
				IPHONEOS_DEPLOYMENT_TARGET = 13.2;
				MTL_ENABLE_DEBUG_INFO = INCLUDE_SOURCE;
				MTL_FAST_MATH = YES;
				ONLY_ACTIVE_ARCH = YES;
				SDKROOT = iphoneos;
				SWIFT_ACTIVE_COMPILATION_CONDITIONS = DEBUG;
				SWIFT_OPTIMIZATION_LEVEL = "-Onone";
			};
			name = Debug;
		};
		774FDF6123E8606E007EDCFD /* Release */ = {
			isa = XCBuildConfiguration;
			buildSettings = {
				ALWAYS_SEARCH_USER_PATHS = NO;
				CLANG_ANALYZER_NONNULL = YES;
				CLANG_ANALYZER_NUMBER_OBJECT_CONVERSION = YES_AGGRESSIVE;
				CLANG_CXX_LANGUAGE_STANDARD = "gnu++14";
				CLANG_CXX_LIBRARY = "libc++";
				CLANG_ENABLE_MODULES = YES;
				CLANG_ENABLE_OBJC_ARC = YES;
				CLANG_ENABLE_OBJC_WEAK = YES;
				CLANG_WARN_BLOCK_CAPTURE_AUTORELEASING = YES;
				CLANG_WARN_BOOL_CONVERSION = YES;
				CLANG_WARN_COMMA = YES;
				CLANG_WARN_CONSTANT_CONVERSION = YES;
				CLANG_WARN_DEPRECATED_OBJC_IMPLEMENTATIONS = YES;
				CLANG_WARN_DIRECT_OBJC_ISA_USAGE = YES_ERROR;
				CLANG_WARN_DOCUMENTATION_COMMENTS = YES;
				CLANG_WARN_EMPTY_BODY = YES;
				CLANG_WARN_ENUM_CONVERSION = YES;
				CLANG_WARN_INFINITE_RECURSION = YES;
				CLANG_WARN_INT_CONVERSION = YES;
				CLANG_WARN_NON_LITERAL_NULL_CONVERSION = YES;
				CLANG_WARN_OBJC_IMPLICIT_RETAIN_SELF = YES;
				CLANG_WARN_OBJC_LITERAL_CONVERSION = YES;
				CLANG_WARN_OBJC_ROOT_CLASS = YES_ERROR;
				CLANG_WARN_RANGE_LOOP_ANALYSIS = YES;
				CLANG_WARN_STRICT_PROTOTYPES = YES;
				CLANG_WARN_SUSPICIOUS_MOVE = YES;
				CLANG_WARN_UNGUARDED_AVAILABILITY = YES_AGGRESSIVE;
				CLANG_WARN_UNREACHABLE_CODE = YES;
				CLANG_WARN__DUPLICATE_METHOD_MATCH = YES;
				COPY_PHASE_STRIP = NO;
				DEBUG_INFORMATION_FORMAT = "dwarf-with-dsym";
				ENABLE_NS_ASSERTIONS = NO;
				ENABLE_STRICT_OBJC_MSGSEND = YES;
				GCC_C_LANGUAGE_STANDARD = gnu11;
				GCC_NO_COMMON_BLOCKS = YES;
				GCC_WARN_64_TO_32_BIT_CONVERSION = YES;
				GCC_WARN_ABOUT_RETURN_TYPE = YES_ERROR;
				GCC_WARN_UNDECLARED_SELECTOR = YES;
				GCC_WARN_UNINITIALIZED_AUTOS = YES_AGGRESSIVE;
				GCC_WARN_UNUSED_FUNCTION = YES;
				GCC_WARN_UNUSED_VARIABLE = YES;
				IPHONEOS_DEPLOYMENT_TARGET = 13.2;
				MTL_ENABLE_DEBUG_INFO = NO;
				MTL_FAST_MATH = YES;
				SDKROOT = iphoneos;
				SWIFT_COMPILATION_MODE = wholemodule;
				SWIFT_OPTIMIZATION_LEVEL = "-O";
				VALIDATE_PRODUCT = YES;
			};
			name = Release;
		};
		774FDF6323E8606E007EDCFD /* Debug */ = {
			isa = XCBuildConfiguration;
			buildSettings = {
				ASSETCATALOG_COMPILER_APPICON_NAME = AppIcon;
				CODE_SIGN_STYLE = Automatic;
				DEVELOPMENT_TEAM = 5TG2BW6J7T;
				INFOPLIST_FILE = "Day7-PullToRefresh/Info.plist";
				LD_RUNPATH_SEARCH_PATHS = (
					"$(inherited)",
					"@executable_path/Frameworks",
				);
				PRODUCT_BUNDLE_IDENTIFIER = "ezreal.tian.Day7-PullToRefresh";
				PRODUCT_NAME = "$(TARGET_NAME)";
				SWIFT_VERSION = 5.0;
				TARGETED_DEVICE_FAMILY = "1,2";
			};
			name = Debug;
		};
		774FDF6423E8606E007EDCFD /* Release */ = {
			isa = XCBuildConfiguration;
			buildSettings = {
				ASSETCATALOG_COMPILER_APPICON_NAME = AppIcon;
				CODE_SIGN_STYLE = Automatic;
				DEVELOPMENT_TEAM = 5TG2BW6J7T;
				INFOPLIST_FILE = "Day7-PullToRefresh/Info.plist";
				LD_RUNPATH_SEARCH_PATHS = (
					"$(inherited)",
					"@executable_path/Frameworks",
				);
				PRODUCT_BUNDLE_IDENTIFIER = "ezreal.tian.Day7-PullToRefresh";
				PRODUCT_NAME = "$(TARGET_NAME)";
				SWIFT_VERSION = 5.0;
				TARGETED_DEVICE_FAMILY = "1,2";
			};
			name = Release;
		};
/* End XCBuildConfiguration section */

/* Begin XCConfigurationList section */
		774FDF4923E8606C007EDCFD /* Build configuration list for PBXProject "Day7-PullToRefresh" */ = {
			isa = XCConfigurationList;
			buildConfigurations = (
				774FDF6023E8606E007EDCFD /* Debug */,
				774FDF6123E8606E007EDCFD /* Release */,
			);
			defaultConfigurationIsVisible = 0;
			defaultConfigurationName = Release;
		};
		774FDF6223E8606E007EDCFD /* Build configuration list for PBXNativeTarget "Day7-PullToRefresh" */ = {
			isa = XCConfigurationList;
			buildConfigurations = (
				774FDF6323E8606E007EDCFD /* Debug */,
				774FDF6423E8606E007EDCFD /* Release */,
			);
			defaultConfigurationIsVisible = 0;
			defaultConfigurationName = Release;
		};
/* End XCConfigurationList section */
	};
	rootObject = 774FDF4623E8606C007EDCFD /* Project object */;
}
